
Microsoft Visual Studio Solution File, Format Version 12.00
# Visual Studio Version 16
VisualStudioVersion = 16.0.31702.278
MinimumVisualStudioVersion = 10.0.40219.1
Project("{FAE04EC0-301F-11D3-BF4B-00C04F79EFBC}") = "SOE", "SOE.csproj", "{627BCC41-A736-4A08-B6F1-58F01B91E3D8}"
EndProject
Project("{FAE04EC0-301F-11D3-BF4B-00C04F79EFBC}") = "datos", "..\datos\datos.csproj", "{DCA9B6E1-E7F0-4E65-AB31-792C6B04AD21}"
EndProject
Global
	GlobalSection(SolutionConfigurationPlatforms) = preSolution
		Debug|Any CPU = Debug|Any CPU
		Release|Any CPU = Release|Any CPU
	EndGlobalSection
	GlobalSection(ProjectConfigurationPlatforms) = postSolution
		{627BCC41-A736-4A08-B6F1-58F01B91E3D8}.Debug|Any CPU.ActiveCfg = Debug|Any CPU
		{627BCC41-A736-4A08-B6F1-58F01B91E3D8}.Debug|Any CPU.Build.0 = Debug|Any CPU
		{627BCC41-A736-4A08-B6F1-58F01B91E3D8}.Release|Any CPU.ActiveCfg = Release|Any CPU
		{627BCC41-A736-4A08-B6F1-58F01B91E3D8}.Release|Any CPU.Build.0 = Release|Any CPU
		{DCA9B6E1-E7F0-4E65-AB31-792C6B04AD21}.Debug|Any CPU.ActiveCfg = Debug|Any CPU
		{DCA9B6E1-E7F0-4E65-AB31-792C6B04AD21}.Debug|Any CPU.Build.0 = Debug|Any CPU
		{DCA9B6E1-E7F0-4E65-AB31-792C6B04AD21}.Release|Any CPU.ActiveCfg = Release|Any CPU
		{DCA9B6E1-E7F0-4E65-AB31-792C6B04AD21}.Release|Any CPU.Build.0 = Release|Any CPU
	EndGlobalSection
	GlobalSection(SolutionProperties) = preSolution
		HideSolutionNode = FALSE
	EndGlobalSection
	GlobalSection(ExtensibilityGlobals) = postSolution
		SolutionGuid = {0164E209-892A-4BD9-898A-49E3849F0B9D}
	EndGlobalSection
EndGlobal
